
Microsoft Visual Studio Solution File, Format Version 12.00
# Visual Studio Version 16
VisualStudioVersion = 16.0.31729.503
MinimumVisualStudioVersion = 10.0.40219.1
Project("{888888A0-9F3D-457C-B088-3A5042F75D52}") = "jiachuanxiangmu", "jiachuanxiangmu.pyproj", "{84FE20A2-6589-49F8-A075-8E04C0501F5E}"
EndProject
Global
	GlobalSection(SolutionConfigurationPlatforms) = preSolution
		Debug|Any CPU = Debug|Any CPU
		Release|Any CPU = Release|Any CPU
	EndGlobalSection
	GlobalSection(ProjectConfigurationPlatforms) = postSolution
		{84FE20A2-6589-49F8-A075-8E04C0501F5E}.Debug|Any CPU.ActiveCfg = Debug|Any CPU
		{84FE20A2-6589-49F8-A075-8E04C0501F5E}.Release|Any CPU.ActiveCfg = Release|Any CPU
	EndGlobalSection
	GlobalSection(SolutionProperties) = preSolution
		HideSolutionNode = FALSE
	EndGlobalSection
	GlobalSection(ExtensibilityGlobals) = postSolution
		SolutionGuid = {7CCB5B7D-8499-47F5-860C-670E1B9A4EA2}
	EndGlobalSection
EndGlobal
